// !$*UTF8*$!
{
	archiveVersion = 1;
	classes = {
	};
	objectVersion = 56;
	objects = {

/* Begin PBXBuildFile section */
		5A95063329481A2700E405EC /* day2App.swift in Sources */ = {isa = PBXBuildFile; fileRef = 5A95063229481A2700E405EC /* day2App.swift */; };
		5A95063529481A2700E405EC /* ContentView.swift in Sources */ = {isa = PBXBuildFile; fileRef = 5A95063429481A2700E405EC /* ContentView.swift */; };
		5A95063729481A2C00E405EC /* Assets.xcassets in Resources */ = {isa = PBXBuildFile; fileRef = 5A95063629481A2C00E405EC /* Assets.xcassets */; };
		5A95063B29481A2C00E405EC /* Preview Assets.xcassets in Resources */ = {isa = PBXBuildFile; fileRef = 5A95063A29481A2C00E405EC /* Preview Assets.xcassets */; };
		5A95064529481A2C00E405EC /* day2Tests.swift in Sources */ = {isa = PBXBuildFile; fileRef = 5A95064429481A2C00E405EC /* day2Tests.swift */; };
		5A95064F29481A2C00E405EC /* day2UITests.swift in Sources */ = {isa = PBXBuildFile; fileRef = 5A95064E29481A2C00E405EC /* day2UITests.swift */; };
		5A95065129481A2C00E405EC /* day2UITestsLaunchTests.swift in Sources */ = {isa = PBXBuildFile; fileRef = 5A95065029481A2C00E405EC /* day2UITestsLaunchTests.swift */; };
/* End PBXBuildFile section */

/* Begin PBXContainerItemProxy section */
		5A95064129481A2C00E405EC /* PBXContainerItemProxy */ = {
			isa = PBXContainerItemProxy;
			containerPortal = 5A95062729481A2700E405EC /* Project object */;
			proxyType = 1;
			remoteGlobalIDString = 5A95062E29481A2700E405EC;
			remoteInfo = day2;
		};
		5A95064B29481A2C00E405EC /* PBXContainerItemProxy */ = {
			isa = PBXContainerItemProxy;
			containerPortal = 5A95062729481A2700E405EC /* Project object */;
			proxyType = 1;
			remoteGlobalIDString = 5A95062E29481A2700E405EC;
			remoteInfo = day2;
		};
/* End PBXContainerItemProxy section */

/* Begin PBXFileReference section */
		5A95062F29481A2700E405EC /* day2.app */ = {isa = PBXFileReference; explicitFileType = wrapper.application; includeInIndex = 0; path = day2.app; sourceTree = BUILT_PRODUCTS_DIR; };
		5A95063229481A2700E405EC /* day2App.swift */ = {isa = PBXFileReference; lastKnownFileType = sourcecode.swift; path = day2App.swift; sourceTree = "<group>"; };
		5A95063429481A2700E405EC /* ContentView.swift */ = {isa = PBXFileReference; lastKnownFileType = sourcecode.swift; path = ContentView.swift; sourceTree = "<group>"; };
		5A95063629481A2C00E405EC /* Assets.xcassets */ = {isa = PBXFileReference; lastKnownFileType = folder.assetcatalog; path = Assets.xcassets; sourceTree = "<group>"; };
		5A95063829481A2C00E405EC /* day2.entitlements */ = {isa = PBXFileReference; lastKnownFileType = text.plist.entitlements; path = day2.entitlements; sourceTree = "<group>"; };
		5A95063A29481A2C00E405EC /* Preview Assets.xcassets */ = {isa = PBXFileReference; lastKnownFileType = folder.assetcatalog; path = "Preview Assets.xcassets"; sourceTree = "<group>"; };
		5A95064029481A2C00E405EC /* day2Tests.xctest */ = {isa = PBXFileReference; explicitFileType = wrapper.cfbundle; includeInIndex = 0; path = day2Tests.xctest; sourceTree = BUILT_PRODUCTS_DIR; };
		5A95064429481A2C00E405EC /* day2Tests.swift */ = {isa = PBXFileReference; lastKnownFileType = sourcecode.swift; path = day2Tests.swift; sourceTree = "<group>"; };
		5A95064A29481A2C00E405EC /* day2UITests.xctest */ = {isa = PBXFileReference; explicitFileType = wrapper.cfbundle; includeInIndex = 0; path = day2UITests.xctest; sourceTree = BUILT_PRODUCTS_DIR; };
		5A95064E29481A2C00E405EC /* day2UITests.swift */ = {isa = PBXFileReference; lastKnownFileType = sourcecode.swift; path = day2UITests.swift; sourceTree = "<group>"; };
		5A95065029481A2C00E405EC /* day2UITestsLaunchTests.swift */ = {isa = PBXFileReference; lastKnownFileType = sourcecode.swift; path = day2UITestsLaunchTests.swift; sourceTree = "<group>"; };
/* End PBXFileReference section */

/* Begin PBXFrameworksBuildPhase section */
		5A95062C29481A2700E405EC /* Frameworks */ = {
			isa = PBXFrameworksBuildPhase;
			buildActionMask = 2147483647;
			files = (
			);
			runOnlyForDeploymentPostprocessing = 0;
		};
		5A95063D29481A2C00E405EC /* Frameworks */ = {
			isa = PBXFrameworksBuildPhase;
			buildActionMask = 2147483647;
			files = (
			);
			runOnlyForDeploymentPostprocessing = 0;
		};
		5A95064729481A2C00E405EC /* Frameworks */ = {
			isa = PBXFrameworksBuildPhase;
			buildActionMask = 2147483647;
			files = (
			);
			runOnlyForDeploymentPostprocessing = 0;
		};
/* End PBXFrameworksBuildPhase section */

/* Begin PBXGroup section */
		5A95062629481A2700E405EC = {
			isa = PBXGroup;
			children = (
				5A95063129481A2700E405EC /* day2 */,
				5A95064329481A2C00E405EC /* day2Tests */,
				5A95064D29481A2C00E405EC /* day2UITests */,
				5A95063029481A2700E405EC /* Products */,
			);
			sourceTree = "<group>";
		};
		5A95063029481A2700E405EC /* Products */ = {
			isa = PBXGroup;
			children = (
				5A95062F29481A2700E405EC /* day2.app */,
				5A95064029481A2C00E405EC /* day2Tests.xctest */,
				5A95064A29481A2C00E405EC /* day2UITests.xctest */,
			);
			name = Products;
			sourceTree = "<group>";
		};
		5A95063129481A2700E405EC /* day2 */ = {
			isa = PBXGroup;
			children = (
				5A95063229481A2700E405EC /* day2App.swift */,
				5A95063429481A2700E405EC /* ContentView.swift */,
				5A95063629481A2C00E405EC /* Assets.xcassets */,
				5A95063829481A2C00E405EC /* day2.entitlements */,
				5A95063929481A2C00E405EC /* Preview Content */,
			);
			path = day2;
			sourceTree = "<group>";
		};
		5A95063929481A2C00E405EC /* Preview Content */ = {
			isa = PBXGroup;
			children = (
				5A95063A29481A2C00E405EC /* Preview Assets.xcassets */,
			);
			path = "Preview Content";
			sourceTree = "<group>";
		};
		5A95064329481A2C00E405EC /* day2Tests */ = {
			isa = PBXGroup;
			children = (
				5A95064429481A2C00E405EC /* day2Tests.swift */,
			);
			path = day2Tests;
			sourceTree = "<group>";
		};
		5A95064D29481A2C00E405EC /* day2UITests */ = {
			isa = PBXGroup;
			children = (
				5A95064E29481A2C00E405EC /* day2UITests.swift */,
				5A95065029481A2C00E405EC /* day2UITestsLaunchTests.swift */,
			);
			path = day2UITests;
			sourceTree = "<group>";
		};
/* End PBXGroup section */

/* Begin PBXNativeTarget section */
		5A95062E29481A2700E405EC /* day2 */ = {
			isa = PBXNativeTarget;
			buildConfigurationList = 5A95065429481A2C00E405EC /* Build configuration list for PBXNativeTarget "day2" */;
			buildPhases = (
				5A95062B29481A2700E405EC /* Sources */,
				5A95062C29481A2700E405EC /* Frameworks */,
				5A95062D29481A2700E405EC /* Resources */,
			);
			buildRules = (
			);
			dependencies = (
			);
			name = day2;
			productName = day2;
			productReference = 5A95062F29481A2700E405EC /* day2.app */;
			productType = "com.apple.product-type.application";
		};
		5A95063F29481A2C00E405EC /* day2Tests */ = {
			isa = PBXNativeTarget;
			buildConfigurationList = 5A95065729481A2C00E405EC /* Build configuration list for PBXNativeTarget "day2Tests" */;
			buildPhases = (
				5A95063C29481A2C00E405EC /* Sources */,
				5A95063D29481A2C00E405EC /* Frameworks */,
				5A95063E29481A2C00E405EC /* Resources */,
			);
			buildRules = (
			);
			dependencies = (
				5A95064229481A2C00E405EC /* PBXTargetDependency */,
			);
			name = day2Tests;
			productName = day2Tests;
			productReference = 5A95064029481A2C00E405EC /* day2Tests.xctest */;
			productType = "com.apple.product-type.bundle.unit-test";
		};
		5A95064929481A2C00E405EC /* day2UITests */ = {
			isa = PBXNativeTarget;
			buildConfigurationList = 5A95065A29481A2C00E405EC /* Build configuration list for PBXNativeTarget "day2UITests" */;
			buildPhases = (
				5A95064629481A2C00E405EC /* Sources */,
				5A95064729481A2C00E405EC /* Frameworks */,
				5A95064829481A2C00E405EC /* Resources */,
			);
			buildRules = (
			);
			dependencies = (
				5A95064C29481A2C00E405EC /* PBXTargetDependency */,
			);
			name = day2UITests;
			productName = day2UITests;
			productReference = 5A95064A29481A2C00E405EC /* day2UITests.xctest */;
			productType = "com.apple.product-type.bundle.ui-testing";
		};
/* End PBXNativeTarget section */

/* Begin PBXProject section */
		5A95062729481A2700E405EC /* Project object */ = {
			isa = PBXProject;
			attributes = {
				BuildIndependentTargetsInParallel = 1;
				LastSwiftUpdateCheck = 1410;
				LastUpgradeCheck = 1410;
				TargetAttributes = {
					5A95062E29481A2700E405EC = {
						CreatedOnToolsVersion = 14.1;
					};
					5A95063F29481A2C00E405EC = {
						CreatedOnToolsVersion = 14.1;
						TestTargetID = 5A95062E29481A2700E405EC;
					};
					5A95064929481A2C00E405EC = {
						CreatedOnToolsVersion = 14.1;
						TestTargetID = 5A95062E29481A2700E405EC;
					};
				};
			};
			buildConfigurationList = 5A95062A29481A2700E405EC /* Build configuration list for PBXProject "day2" */;
			compatibilityVersion = "Xcode 14.0";
			developmentRegion = en;
			hasScannedForEncodings = 0;
			knownRegions = (
				en,
				Base,
			);
			mainGroup = 5A95062629481A2700E405EC;
			productRefGroup = 5A95063029481A2700E405EC /* Products */;
			projectDirPath = "";
			projectRoot = "";
			targets = (
				5A95062E29481A2700E405EC /* day2 */,
				5A95063F29481A2C00E405EC /* day2Tests */,
				5A95064929481A2C00E405EC /* day2UITests */,
			);
		};
/* End PBXProject section */

/* Begin PBXResourcesBuildPhase section */
		5A95062D29481A2700E405EC /* Resources */ = {
			isa = PBXResourcesBuildPhase;
			buildActionMask = 2147483647;
			files = (
				5A95063B29481A2C00E405EC /* Preview Assets.xcassets in Resources */,
				5A95063729481A2C00E405EC /* Assets.xcassets in Resources */,
			);
			runOnlyForDeploymentPostprocessing = 0;
		};
		5A95063E29481A2C00E405EC /* Resources */ = {
			isa = PBXResourcesBuildPhase;
			buildActionMask = 2147483647;
			files = (
			);
			runOnlyForDeploymentPostprocessing = 0;
		};
		5A95064829481A2C00E405EC /* Resources */ = {
			isa = PBXResourcesBuildPhase;
			buildActionMask = 2147483647;
			files = (
			);
			runOnlyForDeploymentPostprocessing = 0;
		};
/* End PBXResourcesBuildPhase section */

/* Begin PBXSourcesBuildPhase section */
		5A95062B29481A2700E405EC /* Sources */ = {
			isa = PBXSourcesBuildPhase;
			buildActionMask = 2147483647;
			files = (
				5A95063529481A2700E405EC /* ContentView.swift in Sources */,
				5A95063329481A2700E405EC /* day2App.swift in Sources */,
			);
			runOnlyForDeploymentPostprocessing = 0;
		};
		5A95063C29481A2C00E405EC /* Sources */ = {
			isa = PBXSourcesBuildPhase;
			buildActionMask = 2147483647;
			files = (
				5A95064529481A2C00E405EC /* day2Tests.swift in Sources */,
			);
			runOnlyForDeploymentPostprocessing = 0;
		};
		5A95064629481A2C00E405EC /* Sources */ = {
			isa = PBXSourcesBuildPhase;
			buildActionMask = 2147483647;
			files = (
				5A95065129481A2C00E405EC /* day2UITestsLaunchTests.swift in Sources */,
				5A95064F29481A2C00E405EC /* day2UITests.swift in Sources */,
			);
			runOnlyForDeploymentPostprocessing = 0;
		};
/* End PBXSourcesBuildPhase section */

/* Begin PBXTargetDependency section */
		5A95064229481A2C00E405EC /* PBXTargetDependency */ = {
			isa = PBXTargetDependency;
			target = 5A95062E29481A2700E405EC /* day2 */;
			targetProxy = 5A95064129481A2C00E405EC /* PBXContainerItemProxy */;
		};
		5A95064C29481A2C00E405EC /* PBXTargetDependency */ = {
			isa = PBXTargetDependency;
			target = 5A95062E29481A2700E405EC /* day2 */;
			targetProxy = 5A95064B29481A2C00E405EC /* PBXContainerItemProxy */;
		};
/* End PBXTargetDependency section */

/* Begin XCBuildConfiguration section */
		5A95065229481A2C00E405EC /* Debug */ = {
			isa = XCBuildConfiguration;
			buildSettings = {
				ALWAYS_SEARCH_USER_PATHS = NO;
				CLANG_ANALYZER_NONNULL = YES;
				CLANG_ANALYZER_NUMBER_OBJECT_CONVERSION = YES_AGGRESSIVE;
				CLANG_CXX_LANGUAGE_STANDARD = "gnu++20";
				CLANG_ENABLE_MODULES = YES;
				CLANG_ENABLE_OBJC_ARC = YES;
				CLANG_ENABLE_OBJC_WEAK = YES;
				CLANG_WARN_BLOCK_CAPTURE_AUTORELEASING = YES;
				CLANG_WARN_BOOL_CONVERSION = YES;
				CLANG_WARN_COMMA = YES;
				CLANG_WARN_CONSTANT_CONVERSION = YES;
				CLANG_WARN_DEPRECATED_OBJC_IMPLEMENTATIONS = YES;
				CLANG_WARN_DIRECT_OBJC_ISA_USAGE = YES_ERROR;
				CLANG_WARN_DOCUMENTATION_COMMENTS = YES;
				CLANG_WARN_EMPTY_BODY = YES;
				CLANG_WARN_ENUM_CONVERSION = YES;
				CLANG_WARN_INFINITE_RECURSION = YES;
				CLANG_WARN_INT_CONVERSION = YES;
				CLANG_WARN_NON_LITERAL_NULL_CONVERSION = YES;
				CLANG_WARN_OBJC_IMPLICIT_RETAIN_SELF = YES;
				CLANG_WARN_OBJC_LITERAL_CONVERSION = YES;
				CLANG_WARN_OBJC_ROOT_CLASS = YES_ERROR;
				CLANG_WARN_QUOTED_INCLUDE_IN_FRAMEWORK_HEADER = YES;
				CLANG_WARN_RANGE_LOOP_ANALYSIS = YES;
				CLANG_WARN_STRICT_PROTOTYPES = YES;
				CLANG_WARN_SUSPICIOUS_MOVE = YES;
				CLANG_WARN_UNGUARDED_AVAILABILITY = YES_AGGRESSIVE;
				CLANG_WARN_UNREACHABLE_CODE = YES;
				CLANG_WARN__DUPLICATE_METHOD_MATCH = YES;
				COPY_PHASE_STRIP = NO;
				DEBUG_INFORMATION_FORMAT = dwarf;
				ENABLE_STRICT_OBJC_MSGSEND = YES;
				ENABLE_TESTABILITY = YES;
				GCC_C_LANGUAGE_STANDARD = gnu11;
				GCC_DYNAMIC_NO_PIC = NO;
				GCC_NO_COMMON_BLOCKS = YES;
				GCC_OPTIMIZATION_LEVEL = 0;
				GCC_PREPROCESSOR_DEFINITIONS = (
					"DEBUG=1",
					"$(inherited)",
				);
				GCC_WARN_64_TO_32_BIT_CONVERSION = YES;
				GCC_WARN_ABOUT_RETURN_TYPE = YES_ERROR;
				GCC_WARN_UNDECLARED_SELECTOR = YES;
				GCC_WARN_UNINITIALIZED_AUTOS = YES_AGGRESSIVE;
				GCC_WARN_UNUSED_FUNCTION = YES;
				GCC_WARN_UNUSED_VARIABLE = YES;
				MTL_ENABLE_DEBUG_INFO = INCLUDE_SOURCE;
				MTL_FAST_MATH = YES;
				ONLY_ACTIVE_ARCH = YES;
				SWIFT_ACTIVE_COMPILATION_CONDITIONS = DEBUG;
				SWIFT_OPTIMIZATION_LEVEL = "-Onone";
			};
			name = Debug;
		};
		5A95065329481A2C00E405EC /* Release */ = {
			isa = XCBuildConfiguration;
			buildSettings = {
				ALWAYS_SEARCH_USER_PATHS = NO;
				CLANG_ANALYZER_NONNULL = YES;
				CLANG_ANALYZER_NUMBER_OBJECT_CONVERSION = YES_AGGRESSIVE;
				CLANG_CXX_LANGUAGE_STANDARD = "gnu++20";
				CLANG_ENABLE_MODULES = YES;
				CLANG_ENABLE_OBJC_ARC = YES;
				CLANG_ENABLE_OBJC_WEAK = YES;
				CLANG_WARN_BLOCK_CAPTURE_AUTORELEASING = YES;
				CLANG_WARN_BOOL_CONVERSION = YES;
				CLANG_WARN_COMMA = YES;
				CLANG_WARN_CONSTANT_CONVERSION = YES;
				CLANG_WARN_DEPRECATED_OBJC_IMPLEMENTATIONS = YES;
				CLANG_WARN_DIRECT_OBJC_ISA_USAGE = YES_ERROR;
				CLANG_WARN_DOCUMENTATION_COMMENTS = YES;
				CLANG_WARN_EMPTY_BODY = YES;
				CLANG_WARN_ENUM_CONVERSION = YES;
				CLANG_WARN_INFINITE_RECURSION = YES;
				CLANG_WARN_INT_CONVERSION = YES;
				CLANG_WARN_NON_LITERAL_NULL_CONVERSION = YES;
				CLANG_WARN_OBJC_IMPLICIT_RETAIN_SELF = YES;
				CLANG_WARN_OBJC_LITERAL_CONVERSION = YES;
				CLANG_WARN_OBJC_ROOT_CLASS = YES_ERROR;
				CLANG_WARN_QUOTED_INCLUDE_IN_FRAMEWORK_HEADER = YES;
				CLANG_WARN_RANGE_LOOP_ANALYSIS = YES;
				CLANG_WARN_STRICT_PROTOTYPES = YES;
				CLANG_WARN_SUSPICIOUS_MOVE = YES;
				CLANG_WARN_UNGUARDED_AVAILABILITY = YES_AGGRESSIVE;
				CLANG_WARN_UNREACHABLE_CODE = YES;
				CLANG_WARN__DUPLICATE_METHOD_MATCH = YES;
				COPY_PHASE_STRIP = NO;
				DEBUG_INFORMATION_FORMAT = "dwarf-with-dsym";
				ENABLE_NS_ASSERTIONS = NO;
				ENABLE_STRICT_OBJC_MSGSEND = YES;
				GCC_C_LANGUAGE_STANDARD = gnu11;
				GCC_NO_COMMON_BLOCKS = YES;
				GCC_WARN_64_TO_32_BIT_CONVERSION = YES;
				GCC_WARN_ABOUT_RETURN_TYPE = YES_ERROR;
				GCC_WARN_UNDECLARED_SELECTOR = YES;
				GCC_WARN_UNINITIALIZED_AUTOS = YES_AGGRESSIVE;
				GCC_WARN_UNUSED_FUNCTION = YES;
				GCC_WARN_UNUSED_VARIABLE = YES;
				MTL_ENABLE_DEBUG_INFO = NO;
				MTL_FAST_MATH = YES;
				SWIFT_COMPILATION_MODE = wholemodule;
				SWIFT_OPTIMIZATION_LEVEL = "-O";
			};
			name = Release;
		};
		5A95065529481A2C00E405EC /* Debug */ = {
			isa = XCBuildConfiguration;
			buildSettings = {
				ASSETCATALOG_COMPILER_APPICON_NAME = AppIcon;
				ASSETCATALOG_COMPILER_GLOBAL_ACCENT_COLOR_NAME = AccentColor;
				CODE_SIGN_ENTITLEMENTS = day2/day2.entitlements;
				CODE_SIGN_STYLE = Automatic;
				CURRENT_PROJECT_VERSION = 1;
				DEVELOPMENT_ASSET_PATHS = "\"day2/Preview Content\"";
				ENABLE_PREVIEWS = YES;
				GENERATE_INFOPLIST_FILE = YES;
				"INFOPLIST_KEY_UIApplicationSceneManifest_Generation[sdk=iphoneos*]" = YES;
				"INFOPLIST_KEY_UIApplicationSceneManifest_Generation[sdk=iphonesimulator*]" = YES;
				"INFOPLIST_KEY_UIApplicationSupportsIndirectInputEvents[sdk=iphoneos*]" = YES;
				"INFOPLIST_KEY_UIApplicationSupportsIndirectInputEvents[sdk=iphonesimulator*]" = YES;
				"INFOPLIST_KEY_UILaunchScreen_Generation[sdk=iphoneos*]" = YES;
				"INFOPLIST_KEY_UILaunchScreen_Generation[sdk=iphonesimulator*]" = YES;
				"INFOPLIST_KEY_UIStatusBarStyle[sdk=iphoneos*]" = UIStatusBarStyleDefault;
				"INFOPLIST_KEY_UIStatusBarStyle[sdk=iphonesimulator*]" = UIStatusBarStyleDefault;
				INFOPLIST_KEY_UISupportedInterfaceOrientations_iPad = "UIInterfaceOrientationPortrait UIInterfaceOrientationPortraitUpsideDown UIInterfaceOrientationLandscapeLeft UIInterfaceOrientationLandscapeRight";
				INFOPLIST_KEY_UISupportedInterfaceOrientations_iPhone = "UIInterfaceOrientationPortrait UIInterfaceOrientationLandscapeLeft UIInterfaceOrientationLandscapeRight";
				IPHONEOS_DEPLOYMENT_TARGET = 16.1;
				LD_RUNPATH_SEARCH_PATHS = "@executable_path/Frameworks";
				"LD_RUNPATH_SEARCH_PATHS[sdk=macosx*]" = "@executable_path/../Frameworks";
				MACOSX_DEPLOYMENT_TARGET = 12.6;
				MARKETING_VERSION = 1.0;
				PRODUCT_BUNDLE_IDENTIFIER = com.test.day2;
				PRODUCT_NAME = "$(TARGET_NAME)";
				SDKROOT = auto;
				SUPPORTED_PLATFORMS = "iphoneos iphonesimulator macosx";
				SWIFT_EMIT_LOC_STRINGS = YES;
				SWIFT_VERSION = 5.0;
				TARGETED_DEVICE_FAMILY = "1,2";
			};
			name = Debug;
		};
		5A95065629481A2C00E405EC /* Release */ = {
			isa = XCBuildConfiguration;
			buildSettings = {
				ASSETCATALOG_COMPILER_APPICON_NAME = AppIcon;
				ASSETCATALOG_COMPILER_GLOBAL_ACCENT_COLOR_NAME = AccentColor;
				CODE_SIGN_ENTITLEMENTS = day2/day2.entitlements;
				CODE_SIGN_STYLE = Automatic;
				CURRENT_PROJECT_VERSION = 1;
				DEVELOPMENT_ASSET_PATHS = "\"day2/Preview Content\"";
				ENABLE_PREVIEWS = YES;
				GENERATE_INFOPLIST_FILE = YES;
				"INFOPLIST_KEY_UIApplicationSceneManifest_Generation[sdk=iphoneos*]" = YES;
				"INFOPLIST_KEY_UIApplicationSceneManifest_Generation[sdk=iphonesimulator*]" = YES;
				"INFOPLIST_KEY_UIApplicationSupportsIndirectInputEvents[sdk=iphoneos*]" = YES;
				"INFOPLIST_KEY_UIApplicationSupportsIndirectInputEvents[sdk=iphonesimulator*]" = YES;
				"INFOPLIST_KEY_UILaunchScreen_Generation[sdk=iphoneos*]" = YES;
				"INFOPLIST_KEY_UILaunchScreen_Generation[sdk=iphonesimulator*]" = YES;
				"INFOPLIST_KEY_UIStatusBarStyle[sdk=iphoneos*]" = UIStatusBarStyleDefault;
				"INFOPLIST_KEY_UIStatusBarStyle[sdk=iphonesimulator*]" = UIStatusBarStyleDefault;
				INFOPLIST_KEY_UISupportedInterfaceOrientations_iPad = "UIInterfaceOrientationPortrait UIInterfaceOrientationPortraitUpsideDown UIInterfaceOrientationLandscapeLeft UIInterfaceOrientationLandscapeRight";
				INFOPLIST_KEY_UISupportedInterfaceOrientations_iPhone = "UIInterfaceOrientationPortrait UIInterfaceOrientationLandscapeLeft UIInterfaceOrientationLandscapeRight";
				IPHONEOS_DEPLOYMENT_TARGET = 16.1;
				LD_RUNPATH_SEARCH_PATHS = "@executable_path/Frameworks";
				"LD_RUNPATH_SEARCH_PATHS[sdk=macosx*]" = "@executable_path/../Frameworks";
				MACOSX_DEPLOYMENT_TARGET = 12.6;
				MARKETING_VERSION = 1.0;
				PRODUCT_BUNDLE_IDENTIFIER = com.test.day2;
				PRODUCT_NAME = "$(TARGET_NAME)";
				SDKROOT = auto;
				SUPPORTED_PLATFORMS = "iphoneos iphonesimulator macosx";
				SWIFT_EMIT_LOC_STRINGS = YES;
				SWIFT_VERSION = 5.0;
				TARGETED_DEVICE_FAMILY = "1,2";
			};
			name = Release;
		};
		5A95065829481A2C00E405EC /* Debug */ = {
			isa = XCBuildConfiguration;
			buildSettings = {
				ALWAYS_EMBED_SWIFT_STANDARD_LIBRARIES = YES;
				BUNDLE_LOADER = "$(TEST_HOST)";
				CODE_SIGN_STYLE = Automatic;
				CURRENT_PROJECT_VERSION = 1;
				GENERATE_INFOPLIST_FILE = YES;
				IPHONEOS_DEPLOYMENT_TARGET = 16.1;
				MACOSX_DEPLOYMENT_TARGET = 12.6;
				MARKETING_VERSION = 1.0;
				PRODUCT_BUNDLE_IDENTIFIER = com.test.day2Tests;
				PRODUCT_NAME = "$(TARGET_NAME)";
				SDKROOT = auto;
				SUPPORTED_PLATFORMS = "iphoneos iphonesimulator macosx";
				SWIFT_EMIT_LOC_STRINGS = NO;
				SWIFT_VERSION = 5.0;
				TARGETED_DEVICE_FAMILY = "1,2";
				TEST_HOST = "$(BUILT_PRODUCTS_DIR)/day2.app/$(BUNDLE_EXECUTABLE_FOLDER_PATH)/day2";
			};
			name = Debug;
		};
		5A95065929481A2C00E405EC /* Release */ = {
			isa = XCBuildConfiguration;
			buildSettings = {
				ALWAYS_EMBED_SWIFT_STANDARD_LIBRARIES = YES;
				BUNDLE_LOADER = "$(TEST_HOST)";
				CODE_SIGN_STYLE = Automatic;
				CURRENT_PROJECT_VERSION = 1;
				GENERATE_INFOPLIST_FILE = YES;
				IPHONEOS_DEPLOYMENT_TARGET = 16.1;
				MACOSX_DEPLOYMENT_TARGET = 12.6;
				MARKETING_VERSION = 1.0;
				PRODUCT_BUNDLE_IDENTIFIER = com.test.day2Tests;
				PRODUCT_NAME = "$(TARGET_NAME)";
				SDKROOT = auto;
				SUPPORTED_PLATFORMS = "iphoneos iphonesimulator macosx";
				SWIFT_EMIT_LOC_STRINGS = NO;
				SWIFT_VERSION = 5.0;
				TARGETED_DEVICE_FAMILY = "1,2";
				TEST_HOST = "$(BUILT_PRODUCTS_DIR)/day2.app/$(BUNDLE_EXECUTABLE_FOLDER_PATH)/day2";
			};
			name = Release;
		};
		5A95065B29481A2C00E405EC /* Debug */ = {
			isa = XCBuildConfiguration;
			buildSettings = {
				ALWAYS_EMBED_SWIFT_STANDARD_LIBRARIES = YES;
				CODE_SIGN_STYLE = Automatic;
				CURRENT_PROJECT_VERSION = 1;
				GENERATE_INFOPLIST_FILE = YES;
				IPHONEOS_DEPLOYMENT_TARGET = 16.1;
				MACOSX_DEPLOYMENT_TARGET = 12.6;
				MARKETING_VERSION = 1.0;
				PRODUCT_BUNDLE_IDENTIFIER = com.test.day2UITests;
				PRODUCT_NAME = "$(TARGET_NAME)";
				SDKROOT = auto;
				SUPPORTED_PLATFORMS = "iphoneos iphonesimulator macosx";
				SWIFT_EMIT_LOC_STRINGS = NO;
				SWIFT_VERSION = 5.0;
				TARGETED_DEVICE_FAMILY = "1,2";
				TEST_TARGET_NAME = day2;
			};
			name = Debug;
		};
		5A95065C29481A2C00E405EC /* Release */ = {
			isa = XCBuildConfiguration;
			buildSettings = {
				ALWAYS_EMBED_SWIFT_STANDARD_LIBRARIES = YES;
				CODE_SIGN_STYLE = Automatic;
				CURRENT_PROJECT_VERSION = 1;
				GENERATE_INFOPLIST_FILE = YES;
				IPHONEOS_DEPLOYMENT_TARGET = 16.1;
				MACOSX_DEPLOYMENT_TARGET = 12.6;
				MARKETING_VERSION = 1.0;
				PRODUCT_BUNDLE_IDENTIFIER = com.test.day2UITests;
				PRODUCT_NAME = "$(TARGET_NAME)";
				SDKROOT = auto;
				SUPPORTED_PLATFORMS = "iphoneos iphonesimulator macosx";
				SWIFT_EMIT_LOC_STRINGS = NO;
				SWIFT_VERSION = 5.0;
				TARGETED_DEVICE_FAMILY = "1,2";
				TEST_TARGET_NAME = day2;
			};
			name = Release;
		};
/* End XCBuildConfiguration section */

/* Begin XCConfigurationList section */
		5A95062A29481A2700E405EC /* Build configuration list for PBXProject "day2" */ = {
			isa = XCConfigurationList;
			buildConfigurations = (
				5A95065229481A2C00E405EC /* Debug */,
				5A95065329481A2C00E405EC /* Release */,
			);
			defaultConfigurationIsVisible = 0;
			defaultConfigurationName = Release;
		};
		5A95065429481A2C00E405EC /* Build configuration list for PBXNativeTarget "day2" */ = {
			isa = XCConfigurationList;
			buildConfigurations = (
				5A95065529481A2C00E405EC /* Debug */,
				5A95065629481A2C00E405EC /* Release */,
			);
			defaultConfigurationIsVisible = 0;
			defaultConfigurationName = Release;
		};
		5A95065729481A2C00E405EC /* Build configuration list for PBXNativeTarget "day2Tests" */ = {
			isa = XCConfigurationList;
			buildConfigurations = (
				5A95065829481A2C00E405EC /* Debug */,
				5A95065929481A2C00E405EC /* Release */,
			);
			defaultConfigurationIsVisible = 0;
			defaultConfigurationName = Release;
		};
		5A95065A29481A2C00E405EC /* Build configuration list for PBXNativeTarget "day2UITests" */ = {
			isa = XCConfigurationList;
			buildConfigurations = (
				5A95065B29481A2C00E405EC /* Debug */,
				5A95065C29481A2C00E405EC /* Release */,
			);
			defaultConfigurationIsVisible = 0;
			defaultConfigurationName = Release;
		};
/* End XCConfigurationList section */
	};
	rootObject = 5A95062729481A2700E405EC /* Project object */;
}
